// !$*UTF8*$!
{
	archiveVersion = 1;
	classes = {
	};
	objectVersion = 46;
	objects = {

/* Begin PBXBuildFile section */
		537BA96419AD422E00B7FE16 /* AppDelegate.swift in Sources */ = {isa = PBXBuildFile; fileRef = 537BA96319AD422E00B7FE16 /* AppDelegate.swift */; };
		537BA96619AD422E00B7FE16 /* ViewController.swift in Sources */ = {isa = PBXBuildFile; fileRef = 537BA96519AD422E00B7FE16 /* ViewController.swift */; };
		537BA96919AD422E00B7FE16 /* Main.storyboard in Resources */ = {isa = PBXBuildFile; fileRef = 537BA96719AD422E00B7FE16 /* Main.storyboard */; };
		537BA96B19AD422E00B7FE16 /* Images.xcassets in Resources */ = {isa = PBXBuildFile; fileRef = 537BA96A19AD422E00B7FE16 /* Images.xcassets */; };
		537BA97719AD422E00B7FE16 /* WebServiceTests.swift in Sources */ = {isa = PBXBuildFile; fileRef = 537BA97619AD422E00B7FE16 /* WebServiceTests.swift */; };
/* End PBXBuildFile section */

/* Begin PBXContainerItemProxy section */
		537BA97119AD422E00B7FE16 /* PBXContainerItemProxy */ = {
			isa = PBXContainerItemProxy;
			containerPortal = 537BA95619AD422E00B7FE16 /* Project object */;
			proxyType = 1;
			remoteGlobalIDString = 537BA95D19AD422E00B7FE16;
			remoteInfo = WebService;
		};
/* End PBXContainerItemProxy section */

/* Begin PBXFileReference section */
		537BA95E19AD422E00B7FE16 /* WebService.app */ = {isa = PBXFileReference; explicitFileType = wrapper.application; includeInIndex = 0; path = WebService.app; sourceTree = BUILT_PRODUCTS_DIR; };
		537BA96219AD422E00B7FE16 /* Info.plist */ = {isa = PBXFileReference; lastKnownFileType = text.plist.xml; path = Info.plist; sourceTree = "<group>"; };
		537BA96319AD422E00B7FE16 /* AppDelegate.swift */ = {isa = PBXFileReference; lastKnownFileType = sourcecode.swift; path = AppDelegate.swift; sourceTree = "<group>"; };
		537BA96519AD422E00B7FE16 /* ViewController.swift */ = {isa = PBXFileReference; lastKnownFileType = sourcecode.swift; path = ViewController.swift; sourceTree = "<group>"; };
		537BA96819AD422E00B7FE16 /* Base */ = {isa = PBXFileReference; lastKnownFileType = file.storyboard; name = Base; path = Base.lproj/Main.storyboard; sourceTree = "<group>"; };
		537BA96A19AD422E00B7FE16 /* Images.xcassets */ = {isa = PBXFileReference; lastKnownFileType = folder.assetcatalog; path = Images.xcassets; sourceTree = "<group>"; };
		537BA97019AD422E00B7FE16 /* WebServiceTests.xctest */ = {isa = PBXFileReference; explicitFileType = wrapper.cfbundle; includeInIndex = 0; path = WebServiceTests.xctest; sourceTree = BUILT_PRODUCTS_DIR; };
		537BA97519AD422E00B7FE16 /* Info.plist */ = {isa = PBXFileReference; lastKnownFileType = text.plist.xml; path = Info.plist; sourceTree = "<group>"; };
		537BA97619AD422E00B7FE16 /* WebServiceTests.swift */ = {isa = PBXFileReference; lastKnownFileType = sourcecode.swift; path = WebServiceTests.swift; sourceTree = "<group>"; };
/* End PBXFileReference section */

/* Begin PBXFrameworksBuildPhase section */
		537BA95B19AD422E00B7FE16 /* Frameworks */ = {
			isa = PBXFrameworksBuildPhase;
			buildActionMask = 2147483647;
			files = (
			);
			runOnlyForDeploymentPostprocessing = 0;
		};
		537BA96D19AD422E00B7FE16 /* Frameworks */ = {
			isa = PBXFrameworksBuildPhase;
			buildActionMask = 2147483647;
			files = (
			);
			runOnlyForDeploymentPostprocessing = 0;
		};
/* End PBXFrameworksBuildPhase section */

/* Begin PBXGroup section */
		537BA95519AD422E00B7FE16 = {
			isa = PBXGroup;
			children = (
				537BA96019AD422E00B7FE16 /* WebService */,
				537BA97319AD422E00B7FE16 /* WebServiceTests */,
				537BA95F19AD422E00B7FE16 /* Products */,
			);
			sourceTree = "<group>";
		};
		537BA95F19AD422E00B7FE16 /* Products */ = {
			isa = PBXGroup;
			children = (
				537BA95E19AD422E00B7FE16 /* WebService.app */,
				537BA97019AD422E00B7FE16 /* WebServiceTests.xctest */,
			);
			name = Products;
			sourceTree = "<group>";
		};
		537BA96019AD422E00B7FE16 /* WebService */ = {
			isa = PBXGroup;
			children = (
				537BA96319AD422E00B7FE16 /* AppDelegate.swift */,
				537BA96519AD422E00B7FE16 /* ViewController.swift */,
				537BA96719AD422E00B7FE16 /* Main.storyboard */,
				537BA96A19AD422E00B7FE16 /* Images.xcassets */,
				537BA96119AD422E00B7FE16 /* Supporting Files */,
			);
			path = WebService;
			sourceTree = "<group>";
		};
		537BA96119AD422E00B7FE16 /* Supporting Files */ = {
			isa = PBXGroup;
			children = (
				537BA96219AD422E00B7FE16 /* Info.plist */,
			);
			name = "Supporting Files";
			sourceTree = "<group>";
		};
		537BA97319AD422E00B7FE16 /* WebServiceTests */ = {
			isa = PBXGroup;
			children = (
				537BA97619AD422E00B7FE16 /* WebServiceTests.swift */,
				537BA97419AD422E00B7FE16 /* Supporting Files */,
			);
			path = WebServiceTests;
			sourceTree = "<group>";
		};
		537BA97419AD422E00B7FE16 /* Supporting Files */ = {
			isa = PBXGroup;
			children = (
				537BA97519AD422E00B7FE16 /* Info.plist */,
			);
			name = "Supporting Files";
			sourceTree = "<group>";
		};
/* End PBXGroup section */

/* Begin PBXNativeTarget section */
		537BA95D19AD422E00B7FE16 /* WebService */ = {
			isa = PBXNativeTarget;
			buildConfigurationList = 537BA97A19AD422E00B7FE16 /* Build configuration list for PBXNativeTarget "WebService" */;
			buildPhases = (
				537BA95A19AD422E00B7FE16 /* Sources */,
				537BA95B19AD422E00B7FE16 /* Frameworks */,
				537BA95C19AD422E00B7FE16 /* Resources */,
			);
			buildRules = (
			);
			dependencies = (
			);
			name = WebService;
			productName = WebService;
			productReference = 537BA95E19AD422E00B7FE16 /* WebService.app */;
			productType = "com.apple.product-type.application";
		};
		537BA96F19AD422E00B7FE16 /* WebServiceTests */ = {
			isa = PBXNativeTarget;
			buildConfigurationList = 537BA97D19AD422E00B7FE16 /* Build configuration list for PBXNativeTarget "WebServiceTests" */;
			buildPhases = (
				537BA96C19AD422E00B7FE16 /* Sources */,
				537BA96D19AD422E00B7FE16 /* Frameworks */,
				537BA96E19AD422E00B7FE16 /* Resources */,
			);
			buildRules = (
			);
			dependencies = (
				537BA97219AD422E00B7FE16 /* PBXTargetDependency */,
			);
			name = WebServiceTests;
			productName = WebServiceTests;
			productReference = 537BA97019AD422E00B7FE16 /* WebServiceTests.xctest */;
			productType = "com.apple.product-type.bundle.unit-test";
		};
/* End PBXNativeTarget section */

/* Begin PBXProject section */
		537BA95619AD422E00B7FE16 /* Project object */ = {
			isa = PBXProject;
			attributes = {
				LastUpgradeCheck = 0600;
				ORGANIZATIONNAME = MouseTela;
				TargetAttributes = {
					537BA95D19AD422E00B7FE16 = {
						CreatedOnToolsVersion = 6.0;
					};
					537BA96F19AD422E00B7FE16 = {
						CreatedOnToolsVersion = 6.0;
						TestTargetID = 537BA95D19AD422E00B7FE16;
					};
				};
			};
			buildConfigurationList = 537BA95919AD422E00B7FE16 /* Build configuration list for PBXProject "WebService" */;
			compatibilityVersion = "Xcode 3.2";
			developmentRegion = English;
			hasScannedForEncodings = 0;
			knownRegions = (
				en,
				Base,
			);
			mainGroup = 537BA95519AD422E00B7FE16;
			productRefGroup = 537BA95F19AD422E00B7FE16 /* Products */;
			projectDirPath = "";
			projectRoot = "";
			targets = (
				537BA95D19AD422E00B7FE16 /* WebService */,
				537BA96F19AD422E00B7FE16 /* WebServiceTests */,
			);
		};
/* End PBXProject section */

/* Begin PBXResourcesBuildPhase section */
		537BA95C19AD422E00B7FE16 /* Resources */ = {
			isa = PBXResourcesBuildPhase;
			buildActionMask = 2147483647;
			files = (
				537BA96919AD422E00B7FE16 /* Main.storyboard in Resources */,
				537BA96B19AD422E00B7FE16 /* Images.xcassets in Resources */,
			);
			runOnlyForDeploymentPostprocessing = 0;
		};
		537BA96E19AD422E00B7FE16 /* Resources */ = {
			isa = PBXResourcesBuildPhase;
			buildActionMask = 2147483647;
			files = (
			);
			runOnlyForDeploymentPostprocessing = 0;
		};
/* End PBXResourcesBuildPhase section */

/* Begin PBXSourcesBuildPhase section */
		537BA95A19AD422E00B7FE16 /* Sources */ = {
			isa = PBXSourcesBuildPhase;
			buildActionMask = 2147483647;
			files = (
				537BA96619AD422E00B7FE16 /* ViewController.swift in Sources */,
				537BA96419AD422E00B7FE16 /* AppDelegate.swift in Sources */,
			);
			runOnlyForDeploymentPostprocessing = 0;
		};
		537BA96C19AD422E00B7FE16 /* Sources */ = {
			isa = PBXSourcesBuildPhase;
			buildActionMask = 2147483647;
			files = (
				537BA97719AD422E00B7FE16 /* WebServiceTests.swift in Sources */,
			);
			runOnlyForDeploymentPostprocessing = 0;
		};
/* End PBXSourcesBuildPhase section */

/* Begin PBXTargetDependency section */
		537BA97219AD422E00B7FE16 /* PBXTargetDependency */ = {
			isa = PBXTargetDependency;
			target = 537BA95D19AD422E00B7FE16 /* WebService */;
			targetProxy = 537BA97119AD422E00B7FE16 /* PBXContainerItemProxy */;
		};
/* End PBXTargetDependency section */

/* Begin PBXVariantGroup section */
		537BA96719AD422E00B7FE16 /* Main.storyboard */ = {
			isa = PBXVariantGroup;
			children = (
				537BA96819AD422E00B7FE16 /* Base */,
			);
			name = Main.storyboard;
			sourceTree = "<group>";
		};
/* End PBXVariantGroup section */

/* Begin XCBuildConfiguration section */
		537BA97819AD422E00B7FE16 /* Debug */ = {
			isa = XCBuildConfiguration;
			buildSettings = {
				ALWAYS_SEARCH_USER_PATHS = NO;
				CLANG_CXX_LANGUAGE_STANDARD = "gnu++0x";
				CLANG_CXX_LIBRARY = "libc++";
				CLANG_ENABLE_MODULES = YES;
				CLANG_ENABLE_OBJC_ARC = YES;
				CLANG_WARN_BOOL_CONVERSION = YES;
				CLANG_WARN_CONSTANT_CONVERSION = YES;
				CLANG_WARN_DIRECT_OBJC_ISA_USAGE = YES_ERROR;
				CLANG_WARN_EMPTY_BODY = YES;
				CLANG_WARN_ENUM_CONVERSION = YES;
				CLANG_WARN_INT_CONVERSION = YES;
				CLANG_WARN_OBJC_ROOT_CLASS = YES_ERROR;
				CLANG_WARN_UNREACHABLE_CODE = YES;
				CLANG_WARN__DUPLICATE_METHOD_MATCH = YES;
				"CODE_SIGN_IDENTITY[sdk=iphoneos*]" = "iPhone Developer";
				COPY_PHASE_STRIP = NO;
				ENABLE_STRICT_OBJC_MSGSEND = YES;
				GCC_C_LANGUAGE_STANDARD = gnu99;
				GCC_DYNAMIC_NO_PIC = NO;
				GCC_OPTIMIZATION_LEVEL = 0;
				GCC_PREPROCESSOR_DEFINITIONS = (
					"DEBUG=1",
					"$(inherited)",
				);
				GCC_SYMBOLS_PRIVATE_EXTERN = NO;
				GCC_WARN_64_TO_32_BIT_CONVERSION = YES;
				GCC_WARN_ABOUT_RETURN_TYPE = YES_ERROR;
				GCC_WARN_UNDECLARED_SELECTOR = YES;
				GCC_WARN_UNINITIALIZED_AUTOS = YES_AGGRESSIVE;
				GCC_WARN_UNUSED_FUNCTION = YES;
				GCC_WARN_UNUSED_VARIABLE = YES;
				IPHONEOS_DEPLOYMENT_TARGET = 8.0;
				MTL_ENABLE_DEBUG_INFO = YES;
				ONLY_ACTIVE_ARCH = YES;
				SDKROOT = iphoneos;
				SWIFT_OPTIMIZATION_LEVEL = "-Onone";
			};
			name = Debug;
		};
		537BA97919AD422E00B7FE16 /* Release */ = {
			isa = XCBuildConfiguration;
			buildSettings = {
				ALWAYS_SEARCH_USER_PATHS = NO;
				CLANG_CXX_LANGUAGE_STANDARD = "gnu++0x";
				CLANG_CXX_LIBRARY = "libc++";
				CLANG_ENABLE_MODULES = YES;
				CLANG_ENABLE_OBJC_ARC = YES;
				CLANG_WARN_BOOL_CONVERSION = YES;
				CLANG_WARN_CONSTANT_CONVERSION = YES;
				CLANG_WARN_DIRECT_OBJC_ISA_USAGE = YES_ERROR;
				CLANG_WARN_EMPTY_BODY = YES;
				CLANG_WARN_ENUM_CONVERSION = YES;
				CLANG_WARN_INT_CONVERSION = YES;
				CLANG_WARN_OBJC_ROOT_CLASS = YES_ERROR;
				CLANG_WARN_UNREACHABLE_CODE = YES;
				CLANG_WARN__DUPLICATE_METHOD_MATCH = YES;
				"CODE_SIGN_IDENTITY[sdk=iphoneos*]" = "iPhone Developer";
				COPY_PHASE_STRIP = YES;
				ENABLE_NS_ASSERTIONS = NO;
				ENABLE_STRICT_OBJC_MSGSEND = YES;
				GCC_C_LANGUAGE_STANDARD = gnu99;
				GCC_WARN_64_TO_32_BIT_CONVERSION = YES;
				GCC_WARN_ABOUT_RETURN_TYPE = YES_ERROR;
				GCC_WARN_UNDECLARED_SELECTOR = YES;
				GCC_WARN_UNINITIALIZED_AUTOS = YES_AGGRESSIVE;
				GCC_WARN_UNUSED_FUNCTION = YES;
				GCC_WARN_UNUSED_VARIABLE = YES;
				IPHONEOS_DEPLOYMENT_TARGET = 8.0;
				MTL_ENABLE_DEBUG_INFO = NO;
				SDKROOT = iphoneos;
				VALIDATE_PRODUCT = YES;
			};
			name = Release;
		};
		537BA97B19AD422E00B7FE16 /* Debug */ = {
			isa = XCBuildConfiguration;
			buildSettings = {
				ASSETCATALOG_COMPILER_APPICON_NAME = AppIcon;
				ASSETCATALOG_COMPILER_LAUNCHIMAGE_NAME = LaunchImage;
				INFOPLIST_FILE = WebService/Info.plist;
				LD_RUNPATH_SEARCH_PATHS = "$(inherited) @executable_path/Frameworks";
				PRODUCT_NAME = "$(TARGET_NAME)";
			};
			name = Debug;
		};
		537BA97C19AD422E00B7FE16 /* Release */ = {
			isa = XCBuildConfiguration;
			buildSettings = {
				ASSETCATALOG_COMPILER_APPICON_NAME = AppIcon;
				ASSETCATALOG_COMPILER_LAUNCHIMAGE_NAME = LaunchImage;
				INFOPLIST_FILE = WebService/Info.plist;
				LD_RUNPATH_SEARCH_PATHS = "$(inherited) @executable_path/Frameworks";
				PRODUCT_NAME = "$(TARGET_NAME)";
			};
			name = Release;
		};
		537BA97E19AD422E00B7FE16 /* Debug */ = {
			isa = XCBuildConfiguration;
			buildSettings = {
				BUNDLE_LOADER = "$(BUILT_PRODUCTS_DIR)/WebService.app/WebService";
				FRAMEWORK_SEARCH_PATHS = (
					"$(SDKROOT)/Developer/Library/Frameworks",
					"$(inherited)",
				);
				GCC_PREPROCESSOR_DEFINITIONS = (
					"DEBUG=1",
					"$(inherited)",
				);
				INFOPLIST_FILE = WebServiceTests/Info.plist;
				LD_RUNPATH_SEARCH_PATHS = "$(inherited) @executable_path/Frameworks @loader_path/Frameworks";
				PRODUCT_NAME = "$(TARGET_NAME)";
				TEST_HOST = "$(BUNDLE_LOADER)";
			};
			name = Debug;
		};
		537BA97F19AD422E00B7FE16 /* Release */ = {
			isa = XCBuildConfiguration;
			buildSettings = {
				BUNDLE_LOADER = "$(BUILT_PRODUCTS_DIR)/WebService.app/WebService";
				FRAMEWORK_SEARCH_PATHS = (
					"$(SDKROOT)/Developer/Library/Frameworks",
					"$(inherited)",
				);
				INFOPLIST_FILE = WebServiceTests/Info.plist;
				LD_RUNPATH_SEARCH_PATHS = "$(inherited) @executable_path/Frameworks @loader_path/Frameworks";
				PRODUCT_NAME = "$(TARGET_NAME)";
				TEST_HOST = "$(BUNDLE_LOADER)";
			};
			name = Release;
		};
/* End XCBuildConfiguration section */

/* Begin XCConfigurationList section */
		537BA95919AD422E00B7FE16 /* Build configuration list for PBXProject "WebService" */ = {
			isa = XCConfigurationList;
			buildConfigurations = (
				537BA97819AD422E00B7FE16 /* Debug */,
				537BA97919AD422E00B7FE16 /* Release */,
			);
			defaultConfigurationIsVisible = 0;
			defaultConfigurationName = Release;
		};
		537BA97A19AD422E00B7FE16 /* Build configuration list for PBXNativeTarget "WebService" */ = {
			isa = XCConfigurationList;
			buildConfigurations = (
				537BA97B19AD422E00B7FE16 /* Debug */,
				537BA97C19AD422E00B7FE16 /* Release */,
			);
			defaultConfigurationIsVisible = 0;
		};
		537BA97D19AD422E00B7FE16 /* Build configuration list for PBXNativeTarget "WebServiceTests" */ = {
			isa = XCConfigurationList;
			buildConfigurations = (
				537BA97E19AD422E00B7FE16 /* Debug */,
				537BA97F19AD422E00B7FE16 /* Release */,
			);
			defaultConfigurationIsVisible = 0;
		};
/* End XCConfigurationList section */
	};
	rootObject = 537BA95619AD422E00B7FE16 /* Project object */;
}
